
Microsoft Visual Studio Solution File, Format Version 12.00
# Visual Studio Version 17
VisualStudioVersion = 17.3.32804.467
MinimumVisualStudioVersion = 10.0.40219.1
Project("{FAE04EC0-301F-11D3-BF4B-00C04F79EFBC}") = "Prueba", "Prueba\Prueba.csproj", "{434C93AF-CC43-4D17-9B68-121C55CC6CEB}"
EndProject
Global
	GlobalSection(SolutionConfigurationPlatforms) = preSolution
		Debug|Any CPU = Debug|Any CPU
		Release|Any CPU = Release|Any CPU
	EndGlobalSection
	GlobalSection(ProjectConfigurationPlatforms) = postSolution
		{434C93AF-CC43-4D17-9B68-121C55CC6CEB}.Debug|Any CPU.ActiveCfg = Debug|Any CPU
		{434C93AF-CC43-4D17-9B68-121C55CC6CEB}.Debug|Any CPU.Build.0 = Debug|Any CPU
		{434C93AF-CC43-4D17-9B68-121C55CC6CEB}.Release|Any CPU.ActiveCfg = Release|Any CPU
		{434C93AF-CC43-4D17-9B68-121C55CC6CEB}.Release|Any CPU.Build.0 = Release|Any CPU
	EndGlobalSection
	GlobalSection(SolutionProperties) = preSolution
		HideSolutionNode = FALSE
	EndGlobalSection
	GlobalSection(ExtensibilityGlobals) = postSolution
		SolutionGuid = {721B5CFE-A799-465E-8A78-706AE522973A}
	EndGlobalSection
EndGlobal
